
Microsoft Visual Studio Solution File, Format Version 12.00
# Visual Studio Version 16
VisualStudioVersion = 16.0.30804.86
MinimumVisualStudioVersion = 10.0.40219.1
Project("{FAE04EC0-301F-11D3-BF4B-00C04F79EFBC}") = "SinemaBiletiUygulaması", "SinemaBiletiUygulaması.csproj", "{BCF54A41-2698-4982-B2EA-E73EF7E50729}"
EndProject
Project("{54435603-DBB4-11D2-8724-00A0C9A8B90C}") = "SetupSinema", "..\..\..\Desktop\SetupSinema\SetupSinema\SetupSinema.vdproj", "{C7C251F4-4280-4400-A3A1-BE5F741785C9}"
EndProject
Global
	GlobalSection(SolutionConfigurationPlatforms) = preSolution
		Debug|Any CPU = Debug|Any CPU
		Release|Any CPU = Release|Any CPU
	EndGlobalSection
	GlobalSection(ProjectConfigurationPlatforms) = postSolution
		{BCF54A41-2698-4982-B2EA-E73EF7E50729}.Debug|Any CPU.ActiveCfg = Debug|Any CPU
		{BCF54A41-2698-4982-B2EA-E73EF7E50729}.Debug|Any CPU.Build.0 = Debug|Any CPU
		{BCF54A41-2698-4982-B2EA-E73EF7E50729}.Release|Any CPU.ActiveCfg = Release|Any CPU
		{BCF54A41-2698-4982-B2EA-E73EF7E50729}.Release|Any CPU.Build.0 = Release|Any CPU
		{C7C251F4-4280-4400-A3A1-BE5F741785C9}.Debug|Any CPU.ActiveCfg = Debug
		{C7C251F4-4280-4400-A3A1-BE5F741785C9}.Release|Any CPU.ActiveCfg = Release
	EndGlobalSection
	GlobalSection(SolutionProperties) = preSolution
		HideSolutionNode = FALSE
	EndGlobalSection
	GlobalSection(ExtensibilityGlobals) = postSolution
		SolutionGuid = {CE7CBFB3-4938-4CB1-A280-424704832164}
	EndGlobalSection
EndGlobal
